filippo.io/edwards25519 v1.2.0 h1:crnVqOiS4jqYleHd9vaKZ+HKtHfllngJIiOpNpoJsjo=
filippo.io/edwards25519 v1.2.0/go.mod h1:xzAOLCNug/yB62zG1bQ8uziwrIqIuxhctzJT18Q77mc=
github.com/creack/pty v1.1.9/go.mod h1:oKZEueFk5CKHvIhNR5MUki03XCEU+Q6VDXinZuGJ33E=
github.com/go-sql-driver/mysql v1.10.0 h1:Q+1LV8DkHJvSYAdR83XzuhDaTykuDx0l6fkXxoWCWfw=
github.com/go-sql-driver/mysql v1.10.0/go.mod h1:M+cqaI7+xxXGG9swrdeUIoPG3Y3KCkF0pZej+SK+nWk=
github.com/golang-jwt/jwt/v5 v5.3.1 h1:kYf81DTWFe7t+1VvL7eS+jKFVWaUnK9cB1qbwn63YCY=
github.com/golang-jwt/jwt/v5 v5.3.1/go.mod h1:fxCRLWMO43lRc8nhHWY6LGqRcf+1gQWArsqaEUEa5bE=
github.com/google/uuid v1.6.0 h1:NIvaJDMOsjHA8n1jAhLSgzrAzy1Hgr+hNrb57e+94F0=
github.com/google/uuid v1.6.0/go.mod h1:TIyPZe4MgqvfeYDBFedMoGGpEw/LqOeaOT+nhxU+yHo=
github.com/jinzhu/inflection v1.0.0 h1:K317FqzuhWc8YvSVlFMCCUb36O/S9MCKRDI7QkRKD/E=
github.com/jinzhu/inflection v1.0.0/go.mod h1:h+uFLlag+Qp1Va5pdKtLDYj+kHp5pxUVkryuEj+Srlc=
github.com/jinzhu/now v1.1.5 h1:/o9tlHleP7gOFmsnYNz3RGnqzefHA47wQpKrrdTIwXQ=
github.com/jinzhu/now v1.1.5/go.mod h1:d3SSVoowX0Lcu0IBviAWJpolVfI5UJVZZ7cO71lE/z8=
github.com/kr/pretty v0.3.1 h1:flRD4NNwYAUpkphVc1HcthR4KEIFJ65n8Mw5qdRn3LE=
github.com/kr/pretty v0.3.1/go.mod h1:hoEshYVHaxMs3cyo3Yncou5ZscifuDolrwPKZanG3xk=
github.com/kr/text v0.2.0 h1:5Nx0Ya0ZqY2ygV366QzturHI13Jq95ApcVaJBhpS+AY=
github.com/kr/text v0.2.0/go.mod h1:eLer722TekiGuMkidMxC/pM04lWEeraHUUmBw8l2grE=
github.com/pkg/diff v0.0.0-20210226163009-20ebb0f2a09e/go.mod h1:pJLUxLENpZxwdsKMEsNbx1VGcRFpLqf3715MtcvvzbA=
github.com/rogpeppe/go-internal v1.9.0/go.mod h1:WtVeX8xhTBvf0smdhujwtBcq4Qrzq/fJaraNFVN+nFs=
github.com/rogpeppe/go-internal v1.14.1 h1:UQB4HGPB6osV0SQTLymcB4TgvyWu6ZyliaW0tI/otEQ=
github.com/rogpeppe/go-internal v1.14.1/go.mod h1:MaRKkUm5W0goXpeCfT7UZI6fk/L7L7so1lCWt35ZSgc=
github.com/valord577/mailx v0.6.20240511 h1:ZWVhvp+4p2xW5P+wWAAXdNz+qF46OcZewJu2s5+nw9o=
github.com/valord577/mailx v0.6.20240511/go.mod h1:aGgPawsLOerLCxf7XU9jnke7B0lyp5Bl5JhsufWBwS0=
github.com/vault-thirteen/BytePackedPassword v0.4.6 h1:4m+be96GpmkmPm9l9bdEsMklO3F+EhI9QCugwWossss=
github.com/vault-thirteen/BytePackedPassword v0.4.6/go.mod h1:GvaWO0sPyo/bQysnRIUHW+q69nT/Knhqia1M8bHAKDE=
github.com/vault-thirteen/Cache v0.17.11 h1:6HMFitWbKH+cNEo2B+97XAO46YGJ6H9hBhukbTZexNw=
github.com/vault-thirteen/Cache v0.17.11/go.mod h1:iO2boSnKKyqw3jAE3GRJm+xi/cwySbKSlh7VMJ33GB4=
github.com/vault-thirteen/JSON-RPC-M1 v0.3.24 h1:j6L6S4HHJraSNpCeiG7W2ffCS9u1o+IXyMYhlTpYsIU=
github.com/vault-thirteen/JSON-RPC-M1 v0.3.24/go.mod h1:SH9a62CvFsS1kAOwrDO8JcrsigOh8GaOQAzPkTJdWUY=
github.com/vault-thirteen/RingCaptcha v0.11.11 h1:+W1IecMmtJax9kFukg2ob09O/oyKaxSggweGRRXq5qM=
github.com/vault-thirteen/RingCaptcha v0.11.11/go.mod h1:lJiMfxy0I1kn/+dmxczrA4AOCSL9ggKlfazLh0Rem+Y=
github.com/vault-thirteen/Simple-File-Server v0.16.11 h1:6OSKOvSFP3HFxiuGSKoCkt+IAZdEVBHJrEzHTM0C13o=
github.com/vault-thirteen/Simple-File-Server v0.16.11/go.mod h1:ApT2P/Mb0RcieZpjtoxumBk2Pw9Err6iLuEfeoolMCc=
github.com/vault-thirteen/auxie v0.36.3 h1:OyZApZWf8ECEsj1g8RGzP1EjNjkyw6DO0NwQ2xT1LDU=
github.com/vault-thirteen/auxie v0.36.3/go.mod h1:T+vPjd/GMOIXxWJFSvv5i1c5Tcub4xSq51LUbf/g924=
golang.org/x/crypto v0.50.0 h1:zO47/JPrL6vsNkINmLoo/PH1gcxpls50DNogFvB5ZGI=
golang.org/x/crypto v0.50.0/go.mod h1:3muZ7vA7PBCE6xgPX7nkzzjiUq87kRItoJQM1Yo8S+Q=
golang.org/x/image v0.39.0 h1:skVYidAEVKgn8lZ602XO75asgXBgLj9G/FE3RbuPFww=
golang.org/x/image v0.39.0/go.mod h1:sIbmppfU+xFLPIG0FoVUTvyBMmgng1/XAMhQ2ft0hpA=
golang.org/x/sys v0.43.0 h1:Rlag2XtaFTxp19wS8MXlJwTvoh8ArU6ezoyFsMyCTNI=
golang.org/x/sys v0.43.0/go.mod h1:4GL1E5IUh+htKOUEOaiffhrAeqysfVGipDYzABqnCmw=
golang.org/x/term v0.42.0 h1:UiKe+zDFmJobeJ5ggPwOshJIVt6/Ft0rcfrXZDLWAWY=
golang.org/x/term v0.42.0/go.mod h1:Dq/D+snpsbazcBG5+F9Q1n2rXV8Ma+71xEjTRufARgY=
golang.org/x/text v0.36.0 h1:JfKh3XmcRPqZPKevfXVpI1wXPTqbkE5f7JA92a55Yxg=
golang.org/x/text v0.36.0/go.mod h1:NIdBknypM8iqVmPiuco0Dh6P5Jcdk8lJL0CUebqK164=
gorm.io/driver/mysql v1.6.0 h1:eNbLmNTpPpTOVZi8MMxCi2aaIm0ZpInbORNXDwyLGvg=
gorm.io/driver/mysql v1.6.0/go.mod h1:D/oCC2GWK3M/dqoLxnOlaNKmXz8WNTfcS9y5ovaSqKo=
gorm.io/gorm v1.31.1 h1:7CA8FTFz/gRfgqgpeKIBcervUn3xSyPUmr6B2WXJ7kg=
gorm.io/gorm v1.31.1/go.mod h1:XyQVbO2k6YkOis7C2437jSit3SsDK72s7n7rsSHd+Gs=
